
Microsoft Visual Studio Solution File, Format Version 12.00
# Visual Studio Version 17
VisualStudioVersion = 17.3.32825.248
MinimumVisualStudioVersion = 10.0.40219.1
Project("{FAE04EC0-301F-11D3-BF4B-00C04F79EFBC}") = "Doctorla.Business", "Doctorla.Business\Doctorla.Business.csproj", "{58980756-74AE-49DE-9430-B8D8DEA5AAC1}"
EndProject
Project("{FAE04EC0-301F-11D3-BF4B-00C04F79EFBC}") = "Doctorla.Core", "Doctorla.Core\Doctorla.Core.csproj", "{4B019317-5A14-472B-BA4C-478019342B16}"
EndProject
Project("{FAE04EC0-301F-11D3-BF4B-00C04F79EFBC}") = "Doctorla.Data", "Doctorla.Data\Doctorla.Data.csproj", "{C02EBC97-640A-47D4-9CA0-88D6C6EF0B60}"
EndProject
Project("{FAE04EC0-301F-11D3-BF4B-00C04F79EFBC}") = "Doctorla.Data.EF", "Doctorla.Data.EF\Doctorla.Data.EF.csproj", "{01CDB358-4D7D-4A68-8B6A-5EDF4C6550DB}"
EndProject
Project("{FAE04EC0-301F-11D3-BF4B-00C04F79EFBC}") = "Doctorla.Dto", "Doctorla.Dto\Doctorla.Dto.csproj", "{F2FB18B2-4822-4264-82F4-7C107E9BE407}"
EndProject
Project("{FAE04EC0-301F-11D3-BF4B-00C04F79EFBC}") = "Doctorla.Repository", "Doctorla.Repository\Doctorla.Repository.csproj", "{A98E4AA3-C395-4EC7-A329-17BE4E8F1C7E}"
EndProject
Project("{FAE04EC0-301F-11D3-BF4B-00C04F79EFBC}") = "Doctorla.OData", "Doctorla.OData\Doctorla.OData.csproj", "{947B9A00-0366-4331-9C55-3B4E38462518}"
EndProject
Project("{FAE04EC0-301F-11D3-BF4B-00C04F79EFBC}") = "Doctorla.Api", "Doctorla.Api\Doctorla.Api.csproj", "{77A1FD08-6DE0-4C4B-B628-F7E453F42516}"
EndProject
Global
	GlobalSection(SolutionConfigurationPlatforms) = preSolution
		Debug|Any CPU = Debug|Any CPU
		Release|Any CPU = Release|Any CPU
	EndGlobalSection
	GlobalSection(ProjectConfigurationPlatforms) = postSolution
		{58980756-74AE-49DE-9430-B8D8DEA5AAC1}.Debug|Any CPU.ActiveCfg = Debug|Any CPU
		{58980756-74AE-49DE-9430-B8D8DEA5AAC1}.Debug|Any CPU.Build.0 = Debug|Any CPU
		{58980756-74AE-49DE-9430-B8D8DEA5AAC1}.Release|Any CPU.ActiveCfg = Release|Any CPU
		{58980756-74AE-49DE-9430-B8D8DEA5AAC1}.Release|Any CPU.Build.0 = Release|Any CPU
		{4B019317-5A14-472B-BA4C-478019342B16}.Debug|Any CPU.ActiveCfg = Debug|Any CPU
		{4B019317-5A14-472B-BA4C-478019342B16}.Debug|Any CPU.Build.0 = Debug|Any CPU
		{4B019317-5A14-472B-BA4C-478019342B16}.Release|Any CPU.ActiveCfg = Release|Any CPU
		{4B019317-5A14-472B-BA4C-478019342B16}.Release|Any CPU.Build.0 = Release|Any CPU
		{C02EBC97-640A-47D4-9CA0-88D6C6EF0B60}.Debug|Any CPU.ActiveCfg = Debug|Any CPU
		{C02EBC97-640A-47D4-9CA0-88D6C6EF0B60}.Debug|Any CPU.Build.0 = Debug|Any CPU
		{C02EBC97-640A-47D4-9CA0-88D6C6EF0B60}.Release|Any CPU.ActiveCfg = Release|Any CPU
		{C02EBC97-640A-47D4-9CA0-88D6C6EF0B60}.Release|Any CPU.Build.0 = Release|Any CPU
		{01CDB358-4D7D-4A68-8B6A-5EDF4C6550DB}.Debug|Any CPU.ActiveCfg = Debug|Any CPU
		{01CDB358-4D7D-4A68-8B6A-5EDF4C6550DB}.Debug|Any CPU.Build.0 = Debug|Any CPU
		{01CDB358-4D7D-4A68-8B6A-5EDF4C6550DB}.Release|Any CPU.ActiveCfg = Release|Any CPU
		{01CDB358-4D7D-4A68-8B6A-5EDF4C6550DB}.Release|Any CPU.Build.0 = Release|Any CPU
		{F2FB18B2-4822-4264-82F4-7C107E9BE407}.Debug|Any CPU.ActiveCfg = Debug|Any CPU
		{F2FB18B2-4822-4264-82F4-7C107E9BE407}.Debug|Any CPU.Build.0 = Debug|Any CPU
		{F2FB18B2-4822-4264-82F4-7C107E9BE407}.Release|Any CPU.ActiveCfg = Release|Any CPU
		{F2FB18B2-4822-4264-82F4-7C107E9BE407}.Release|Any CPU.Build.0 = Release|Any CPU
		{A98E4AA3-C395-4EC7-A329-17BE4E8F1C7E}.Debug|Any CPU.ActiveCfg = Debug|Any CPU
		{A98E4AA3-C395-4EC7-A329-17BE4E8F1C7E}.Debug|Any CPU.Build.0 = Debug|Any CPU
		{A98E4AA3-C395-4EC7-A329-17BE4E8F1C7E}.Release|Any CPU.ActiveCfg = Release|Any CPU
		{A98E4AA3-C395-4EC7-A329-17BE4E8F1C7E}.Release|Any CPU.Build.0 = Release|Any CPU
		{947B9A00-0366-4331-9C55-3B4E38462518}.Debug|Any CPU.ActiveCfg = Debug|Any CPU
		{947B9A00-0366-4331-9C55-3B4E38462518}.Debug|Any CPU.Build.0 = Debug|Any CPU
		{947B9A00-0366-4331-9C55-3B4E38462518}.Release|Any CPU.ActiveCfg = Release|Any CPU
		{947B9A00-0366-4331-9C55-3B4E38462518}.Release|Any CPU.Build.0 = Release|Any CPU
		{77A1FD08-6DE0-4C4B-B628-F7E453F42516}.Debug|Any CPU.ActiveCfg = Debug|Any CPU
		{77A1FD08-6DE0-4C4B-B628-F7E453F42516}.Debug|Any CPU.Build.0 = Debug|Any CPU
		{77A1FD08-6DE0-4C4B-B628-F7E453F42516}.Release|Any CPU.ActiveCfg = Release|Any CPU
		{77A1FD08-6DE0-4C4B-B628-F7E453F42516}.Release|Any CPU.Build.0 = Release|Any CPU
	EndGlobalSection
	GlobalSection(SolutionProperties) = preSolution
		HideSolutionNode = FALSE
	EndGlobalSection
	GlobalSection(ExtensibilityGlobals) = postSolution
		SolutionGuid = {4ABBB67B-35D3-4C54-9584-E59F391FEC52}
	EndGlobalSection
EndGlobal
